
Microsoft Visual Studio Solution File, Format Version 12.00
# Visual Studio 15
Project("{FAE04EC0-301F-11D3-BF4B-00C04F79EFBC}") = "PopQuizz", "Assembly-CSharp.csproj", "{D893DAC1-1831-B101-C2BA-AF60D396E710}"
EndProject
Project("{FAE04EC0-301F-11D3-BF4B-00C04F79EFBC}") = "PopQuizz", "Assembly-CSharp-Editor.csproj", "{51C7C1BD-9D0C-12C2-82EE-1FABF8C34AA2}"
EndProject
Global
	GlobalSection(SolutionConfigurationPlatforms) = preSolution
		Debug|Any CPU = Debug|Any CPU
		Release|Any CPU = Release|Any CPU
	EndGlobalSection
	GlobalSection(ProjectConfigurationPlatforms) = postSolution
		{D893DAC1-1831-B101-C2BA-AF60D396E710}.Debug|Any CPU.ActiveCfg = Debug|Any CPU
		{D893DAC1-1831-B101-C2BA-AF60D396E710}.Debug|Any CPU.Build.0 = Debug|Any CPU
		{D893DAC1-1831-B101-C2BA-AF60D396E710}.Release|Any CPU.ActiveCfg = Release|Any CPU
		{D893DAC1-1831-B101-C2BA-AF60D396E710}.Release|Any CPU.Build.0 = Release|Any CPU
		{51C7C1BD-9D0C-12C2-82EE-1FABF8C34AA2}.Debug|Any CPU.ActiveCfg = Debug|Any CPU
		{51C7C1BD-9D0C-12C2-82EE-1FABF8C34AA2}.Debug|Any CPU.Build.0 = Debug|Any CPU
		{51C7C1BD-9D0C-12C2-82EE-1FABF8C34AA2}.Release|Any CPU.ActiveCfg = Release|Any CPU
		{51C7C1BD-9D0C-12C2-82EE-1FABF8C34AA2}.Release|Any CPU.Build.0 = Release|Any CPU
	EndGlobalSection
	GlobalSection(SolutionProperties) = preSolution
		HideSolutionNode = FALSE
	EndGlobalSection
EndGlobal
